
Microsoft Visual Studio Solution File, Format Version 12.00
# Visual Studio 15
VisualStudioVersion = 15.0.27130.2027
MinimumVisualStudioVersion = 10.0.40219.1
Project("{FAE04EC0-301F-11D3-BF4B-00C04F79EFBC}") = "FriendOrganizer.UI", "FriendOrganizer.UI\FriendOrganizer.UI.csproj", "{824D7880-BE1E-461F-A9E3-5B04F9E0CA9F}"
EndProject
Project("{FAE04EC0-301F-11D3-BF4B-00C04F79EFBC}") = "FriendOrganizer.DataAccess", "FriendOrganizer.DataAccess\FriendOrganizer.DataAccess.csproj", "{54B1D9E7-731C-4F16-83B9-AA485078548F}"
EndProject
Project("{FAE04EC0-301F-11D3-BF4B-00C04F79EFBC}") = "FriendOrganizer.Model", "FriendOrganizer.Model\FriendOrganizer.Model.csproj", "{2A9E5646-1623-41D5-8A5D-91820980A8B3}"
EndProject
Global
	GlobalSection(SolutionConfigurationPlatforms) = preSolution
		Debug|Any CPU = Debug|Any CPU
		Release|Any CPU = Release|Any CPU
	EndGlobalSection
	GlobalSection(ProjectConfigurationPlatforms) = postSolution
		{824D7880-BE1E-461F-A9E3-5B04F9E0CA9F}.Debug|Any CPU.ActiveCfg = Debug|Any CPU
		{824D7880-BE1E-461F-A9E3-5B04F9E0CA9F}.Debug|Any CPU.Build.0 = Debug|Any CPU
		{824D7880-BE1E-461F-A9E3-5B04F9E0CA9F}.Release|Any CPU.ActiveCfg = Release|Any CPU
		{824D7880-BE1E-461F-A9E3-5B04F9E0CA9F}.Release|Any CPU.Build.0 = Release|Any CPU
		{54B1D9E7-731C-4F16-83B9-AA485078548F}.Debug|Any CPU.ActiveCfg = Debug|Any CPU
		{54B1D9E7-731C-4F16-83B9-AA485078548F}.Debug|Any CPU.Build.0 = Debug|Any CPU
		{54B1D9E7-731C-4F16-83B9-AA485078548F}.Release|Any CPU.ActiveCfg = Release|Any CPU
		{54B1D9E7-731C-4F16-83B9-AA485078548F}.Release|Any CPU.Build.0 = Release|Any CPU
		{2A9E5646-1623-41D5-8A5D-91820980A8B3}.Debug|Any CPU.ActiveCfg = Debug|Any CPU
		{2A9E5646-1623-41D5-8A5D-91820980A8B3}.Debug|Any CPU.Build.0 = Debug|Any CPU
		{2A9E5646-1623-41D5-8A5D-91820980A8B3}.Release|Any CPU.ActiveCfg = Release|Any CPU
		{2A9E5646-1623-41D5-8A5D-91820980A8B3}.Release|Any CPU.Build.0 = Release|Any CPU
	EndGlobalSection
	GlobalSection(SolutionProperties) = preSolution
		HideSolutionNode = FALSE
	EndGlobalSection
	GlobalSection(ExtensibilityGlobals) = postSolution
		SolutionGuid = {B759A4F8-4234-453F-A1D4-80C14E43763C}
	EndGlobalSection
EndGlobal
